
Microsoft Visual Studio Solution File, Format Version 12.00
# Visual Studio Version 17
VisualStudioVersion = 17.9.34728.123
MinimumVisualStudioVersion = 10.0.40219.1
Project("{FAE04EC0-301F-11D3-BF4B-00C04F79EFBC}") = "CRUD_MVC", "CRUD_MVC\CRUD_MVC.csproj", "{AC931694-D38F-4AEA-B355-249E4AFA9BE4}"
EndProject
Global
	GlobalSection(SolutionConfigurationPlatforms) = preSolution
		Debug|Any CPU = Debug|Any CPU
		Release|Any CPU = Release|Any CPU
	EndGlobalSection
	GlobalSection(ProjectConfigurationPlatforms) = postSolution
		{AC931694-D38F-4AEA-B355-249E4AFA9BE4}.Debug|Any CPU.ActiveCfg = Debug|Any CPU
		{AC931694-D38F-4AEA-B355-249E4AFA9BE4}.Debug|Any CPU.Build.0 = Debug|Any CPU
		{AC931694-D38F-4AEA-B355-249E4AFA9BE4}.Release|Any CPU.ActiveCfg = Release|Any CPU
		{AC931694-D38F-4AEA-B355-249E4AFA9BE4}.Release|Any CPU.Build.0 = Release|Any CPU
	EndGlobalSection
	GlobalSection(SolutionProperties) = preSolution
		HideSolutionNode = FALSE
	EndGlobalSection
	GlobalSection(ExtensibilityGlobals) = postSolution
		SolutionGuid = {E2B43ECA-2C63-4379-88EC-C306F8835153}
	EndGlobalSection
EndGlobal
